
Microsoft Visual Studio Solution File, Format Version 12.00
# Visual Studio 15
VisualStudioVersion = 15.0.28307.645
MinimumVisualStudioVersion = 10.0.40219.1
Project("{FAE04EC0-301F-11D3-BF4B-00C04F79EFBC}") = "Kasyno", "Kasyno\Kasyno.csproj", "{B3A1A52F-69CA-4D5A-8DA4-266F201FD265}"
EndProject
Project("{FAE04EC0-301F-11D3-BF4B-00C04F79EFBC}") = "UnitTest", "UnitTest\UnitTest.csproj", "{36CF9C09-F72D-4D5C-B7C8-1C6121678FAC}"
	ProjectSection(ProjectDependencies) = postProject
		{B3A1A52F-69CA-4D5A-8DA4-266F201FD265} = {B3A1A52F-69CA-4D5A-8DA4-266F201FD265}
	EndProjectSection
EndProject
Project("{2150E333-8FDC-42A3-9474-1A3956D46DE8}") = "zadania1", "zadania1", "{FEB2C257-2E1C-4679-BAE2-22DE6DA200B1}"
EndProject
Project("{2150E333-8FDC-42A3-9474-1A3956D46DE8}") = "zadanie4", "zadanie4", "{DD9A9261-88EC-4F08-84D8-4F2D0713DF52}"
EndProject
Project("{FAE04EC0-301F-11D3-BF4B-00C04F79EFBC}") = "DataRepository", "..\..\IIIrok\tp c#\zadanie4nowy\DataRepository\DataRepository.csproj", "{C3CEF84F-4A4A-42DA-A2B6-E7B46A5195F2}"
EndProject
Project("{FAE04EC0-301F-11D3-BF4B-00C04F79EFBC}") = "ServiceLayer", "..\..\IIIrok\tp c#\zadanie4nowy\ServiceLayer\ServiceLayer.csproj", "{EC1F3162-BCE6-4DF8-A188-731DBE4D7315}"
EndProject
Project("{FAE04EC0-301F-11D3-BF4B-00C04F79EFBC}") = "GUI", "..\..\IIIrok\tp c#\zadanie4nowy\Zadanie4\GUI.csproj", "{C96693E2-CA4E-4C7C-94DF-448B616B9C41}"
EndProject
Project("{FAE04EC0-301F-11D3-BF4B-00C04F79EFBC}") = "UnitTests", "..\..\IIIrok\tp c#\zadanie4nowy\UnitTests\UnitTests.csproj", "{ABD5AFAC-2EB4-4BA2-8C63-BAF67743BE58}"
EndProject
Global
	GlobalSection(SolutionConfigurationPlatforms) = preSolution
		Debug|Any CPU = Debug|Any CPU
		Release|Any CPU = Release|Any CPU
	EndGlobalSection
	GlobalSection(ProjectConfigurationPlatforms) = postSolution
		{B3A1A52F-69CA-4D5A-8DA4-266F201FD265}.Debug|Any CPU.ActiveCfg = Debug|Any CPU
		{B3A1A52F-69CA-4D5A-8DA4-266F201FD265}.Debug|Any CPU.Build.0 = Debug|Any CPU
		{B3A1A52F-69CA-4D5A-8DA4-266F201FD265}.Release|Any CPU.ActiveCfg = Release|Any CPU
		{B3A1A52F-69CA-4D5A-8DA4-266F201FD265}.Release|Any CPU.Build.0 = Release|Any CPU
		{36CF9C09-F72D-4D5C-B7C8-1C6121678FAC}.Debug|Any CPU.ActiveCfg = Debug|Any CPU
		{36CF9C09-F72D-4D5C-B7C8-1C6121678FAC}.Debug|Any CPU.Build.0 = Debug|Any CPU
		{36CF9C09-F72D-4D5C-B7C8-1C6121678FAC}.Release|Any CPU.ActiveCfg = Release|Any CPU
		{36CF9C09-F72D-4D5C-B7C8-1C6121678FAC}.Release|Any CPU.Build.0 = Release|Any CPU
		{C3CEF84F-4A4A-42DA-A2B6-E7B46A5195F2}.Debug|Any CPU.ActiveCfg = Debug|Any CPU
		{C3CEF84F-4A4A-42DA-A2B6-E7B46A5195F2}.Debug|Any CPU.Build.0 = Debug|Any CPU
		{C3CEF84F-4A4A-42DA-A2B6-E7B46A5195F2}.Release|Any CPU.ActiveCfg = Release|Any CPU
		{C3CEF84F-4A4A-42DA-A2B6-E7B46A5195F2}.Release|Any CPU.Build.0 = Release|Any CPU
		{EC1F3162-BCE6-4DF8-A188-731DBE4D7315}.Debug|Any CPU.ActiveCfg = Debug|Any CPU
		{EC1F3162-BCE6-4DF8-A188-731DBE4D7315}.Debug|Any CPU.Build.0 = Debug|Any CPU
		{EC1F3162-BCE6-4DF8-A188-731DBE4D7315}.Release|Any CPU.ActiveCfg = Release|Any CPU
		{EC1F3162-BCE6-4DF8-A188-731DBE4D7315}.Release|Any CPU.Build.0 = Release|Any CPU
		{C96693E2-CA4E-4C7C-94DF-448B616B9C41}.Debug|Any CPU.ActiveCfg = Debug|Any CPU
		{C96693E2-CA4E-4C7C-94DF-448B616B9C41}.Debug|Any CPU.Build.0 = Debug|Any CPU
		{C96693E2-CA4E-4C7C-94DF-448B616B9C41}.Release|Any CPU.ActiveCfg = Release|Any CPU
		{C96693E2-CA4E-4C7C-94DF-448B616B9C41}.Release|Any CPU.Build.0 = Release|Any CPU
		{ABD5AFAC-2EB4-4BA2-8C63-BAF67743BE58}.Debug|Any CPU.ActiveCfg = Debug|Any CPU
		{ABD5AFAC-2EB4-4BA2-8C63-BAF67743BE58}.Debug|Any CPU.Build.0 = Debug|Any CPU
		{ABD5AFAC-2EB4-4BA2-8C63-BAF67743BE58}.Release|Any CPU.ActiveCfg = Release|Any CPU
		{ABD5AFAC-2EB4-4BA2-8C63-BAF67743BE58}.Release|Any CPU.Build.0 = Release|Any CPU
	EndGlobalSection
	GlobalSection(SolutionProperties) = preSolution
		HideSolutionNode = FALSE
	EndGlobalSection
	GlobalSection(NestedProjects) = preSolution
		{B3A1A52F-69CA-4D5A-8DA4-266F201FD265} = {FEB2C257-2E1C-4679-BAE2-22DE6DA200B1}
		{36CF9C09-F72D-4D5C-B7C8-1C6121678FAC} = {FEB2C257-2E1C-4679-BAE2-22DE6DA200B1}
		{C3CEF84F-4A4A-42DA-A2B6-E7B46A5195F2} = {DD9A9261-88EC-4F08-84D8-4F2D0713DF52}
		{EC1F3162-BCE6-4DF8-A188-731DBE4D7315} = {DD9A9261-88EC-4F08-84D8-4F2D0713DF52}
		{C96693E2-CA4E-4C7C-94DF-448B616B9C41} = {DD9A9261-88EC-4F08-84D8-4F2D0713DF52}
		{ABD5AFAC-2EB4-4BA2-8C63-BAF67743BE58} = {DD9A9261-88EC-4F08-84D8-4F2D0713DF52}
	EndGlobalSection
	GlobalSection(ExtensibilityGlobals) = postSolution
		SolutionGuid = {D32DD466-A6DA-467C-BC33-CFD0FAC1504D}
	EndGlobalSection
EndGlobal
