
Microsoft Visual Studio Solution File, Format Version 12.00
# Visual Studio 15
VisualStudioVersion = 15.0.28307.168
MinimumVisualStudioVersion = 10.0.40219.1
Project("{FAE04EC0-301F-11D3-BF4B-00C04F79EFBC}") = "Kasyno", "Kasyno\Kasyno.csproj", "{B3A1A52F-69CA-4D5A-8DA4-266F201FD265}"
EndProject
Project("{FAE04EC0-301F-11D3-BF4B-00C04F79EFBC}") = "UnitTest", "UnitTest\UnitTest.csproj", "{36CF9C09-F72D-4D5C-B7C8-1C6121678FAC}"
	ProjectSection(ProjectDependencies) = postProject
		{B3A1A52F-69CA-4D5A-8DA4-266F201FD265} = {B3A1A52F-69CA-4D5A-8DA4-266F201FD265}
	EndProjectSection
EndProject
Project("{FAE04EC0-301F-11D3-BF4B-00C04F79EFBC}") = "DataReporitory", "WPF\DataReporitory.csproj", "{8D11214E-1FEC-4DFF-8B3F-AE06CEB79C00}"
	ProjectSection(ProjectDependencies) = postProject
		{23193B11-F275-4597-892A-A3B8D31AE8D6} = {23193B11-F275-4597-892A-A3B8D31AE8D6}
	EndProjectSection
EndProject
Project("{2150E333-8FDC-42A3-9474-1A3956D46DE8}") = "zadania1", "zadania1", "{FEB2C257-2E1C-4679-BAE2-22DE6DA200B1}"
EndProject
Project("{2150E333-8FDC-42A3-9474-1A3956D46DE8}") = "zadanie4", "zadanie4", "{DD9A9261-88EC-4F08-84D8-4F2D0713DF52}"
EndProject
Project("{FAE04EC0-301F-11D3-BF4B-00C04F79EFBC}") = "UnitTest2", "UnitTest2\UnitTest2.csproj", "{88FEDEE1-536F-47D7-B847-96EF2FD21CB3}"
	ProjectSection(ProjectDependencies) = postProject
		{23193B11-F275-4597-892A-A3B8D31AE8D6} = {23193B11-F275-4597-892A-A3B8D31AE8D6}
		{8D11214E-1FEC-4DFF-8B3F-AE06CEB79C00} = {8D11214E-1FEC-4DFF-8B3F-AE06CEB79C00}
	EndProjectSection
EndProject
Project("{FAE04EC0-301F-11D3-BF4B-00C04F79EFBC}") = "GUI", "WpfApp1\GUI.csproj", "{F15600E8-A13A-454B-A80B-3F7A5789B010}"
	ProjectSection(ProjectDependencies) = postProject
		{23193B11-F275-4597-892A-A3B8D31AE8D6} = {23193B11-F275-4597-892A-A3B8D31AE8D6}
		{8D11214E-1FEC-4DFF-8B3F-AE06CEB79C00} = {8D11214E-1FEC-4DFF-8B3F-AE06CEB79C00}
	EndProjectSection
EndProject
Project("{FAE04EC0-301F-11D3-BF4B-00C04F79EFBC}") = "ServiceLayer", "ServiceLayer\ServiceLayer.csproj", "{23193B11-F275-4597-892A-A3B8D31AE8D6}"
EndProject
Global
	GlobalSection(SolutionConfigurationPlatforms) = preSolution
		Debug|Any CPU = Debug|Any CPU
		Release|Any CPU = Release|Any CPU
	EndGlobalSection
	GlobalSection(ProjectConfigurationPlatforms) = postSolution
		{B3A1A52F-69CA-4D5A-8DA4-266F201FD265}.Debug|Any CPU.ActiveCfg = Debug|Any CPU
		{B3A1A52F-69CA-4D5A-8DA4-266F201FD265}.Debug|Any CPU.Build.0 = Debug|Any CPU
		{B3A1A52F-69CA-4D5A-8DA4-266F201FD265}.Release|Any CPU.ActiveCfg = Release|Any CPU
		{B3A1A52F-69CA-4D5A-8DA4-266F201FD265}.Release|Any CPU.Build.0 = Release|Any CPU
		{36CF9C09-F72D-4D5C-B7C8-1C6121678FAC}.Debug|Any CPU.ActiveCfg = Debug|Any CPU
		{36CF9C09-F72D-4D5C-B7C8-1C6121678FAC}.Debug|Any CPU.Build.0 = Debug|Any CPU
		{36CF9C09-F72D-4D5C-B7C8-1C6121678FAC}.Release|Any CPU.ActiveCfg = Release|Any CPU
		{36CF9C09-F72D-4D5C-B7C8-1C6121678FAC}.Release|Any CPU.Build.0 = Release|Any CPU
		{8D11214E-1FEC-4DFF-8B3F-AE06CEB79C00}.Debug|Any CPU.ActiveCfg = Debug|Any CPU
		{8D11214E-1FEC-4DFF-8B3F-AE06CEB79C00}.Debug|Any CPU.Build.0 = Debug|Any CPU
		{8D11214E-1FEC-4DFF-8B3F-AE06CEB79C00}.Release|Any CPU.ActiveCfg = Release|Any CPU
		{8D11214E-1FEC-4DFF-8B3F-AE06CEB79C00}.Release|Any CPU.Build.0 = Release|Any CPU
		{88FEDEE1-536F-47D7-B847-96EF2FD21CB3}.Debug|Any CPU.ActiveCfg = Debug|Any CPU
		{88FEDEE1-536F-47D7-B847-96EF2FD21CB3}.Debug|Any CPU.Build.0 = Debug|Any CPU
		{88FEDEE1-536F-47D7-B847-96EF2FD21CB3}.Release|Any CPU.ActiveCfg = Release|Any CPU
		{88FEDEE1-536F-47D7-B847-96EF2FD21CB3}.Release|Any CPU.Build.0 = Release|Any CPU
		{F15600E8-A13A-454B-A80B-3F7A5789B010}.Debug|Any CPU.ActiveCfg = Debug|Any CPU
		{F15600E8-A13A-454B-A80B-3F7A5789B010}.Debug|Any CPU.Build.0 = Debug|Any CPU
		{F15600E8-A13A-454B-A80B-3F7A5789B010}.Release|Any CPU.ActiveCfg = Release|Any CPU
		{F15600E8-A13A-454B-A80B-3F7A5789B010}.Release|Any CPU.Build.0 = Release|Any CPU
		{23193B11-F275-4597-892A-A3B8D31AE8D6}.Debug|Any CPU.ActiveCfg = Debug|Any CPU
		{23193B11-F275-4597-892A-A3B8D31AE8D6}.Debug|Any CPU.Build.0 = Debug|Any CPU
		{23193B11-F275-4597-892A-A3B8D31AE8D6}.Release|Any CPU.ActiveCfg = Release|Any CPU
		{23193B11-F275-4597-892A-A3B8D31AE8D6}.Release|Any CPU.Build.0 = Release|Any CPU
	EndGlobalSection
	GlobalSection(SolutionProperties) = preSolution
		HideSolutionNode = FALSE
	EndGlobalSection
	GlobalSection(NestedProjects) = preSolution
		{B3A1A52F-69CA-4D5A-8DA4-266F201FD265} = {FEB2C257-2E1C-4679-BAE2-22DE6DA200B1}
		{36CF9C09-F72D-4D5C-B7C8-1C6121678FAC} = {FEB2C257-2E1C-4679-BAE2-22DE6DA200B1}
		{8D11214E-1FEC-4DFF-8B3F-AE06CEB79C00} = {DD9A9261-88EC-4F08-84D8-4F2D0713DF52}
		{88FEDEE1-536F-47D7-B847-96EF2FD21CB3} = {DD9A9261-88EC-4F08-84D8-4F2D0713DF52}
		{F15600E8-A13A-454B-A80B-3F7A5789B010} = {DD9A9261-88EC-4F08-84D8-4F2D0713DF52}
		{23193B11-F275-4597-892A-A3B8D31AE8D6} = {DD9A9261-88EC-4F08-84D8-4F2D0713DF52}
	EndGlobalSection
	GlobalSection(ExtensibilityGlobals) = postSolution
		SolutionGuid = {D32DD466-A6DA-467C-BC33-CFD0FAC1504D}
	EndGlobalSection
EndGlobal
